// !$*UTF8*$!
{
	archiveVersion = 1;
	classes = {
	};
	objectVersion = 46;
	objects = {

/* Begin PBXBuildFile section */
		BBB027D41D5A033000221D9C /* main.m in Sources */ = {isa = PBXBuildFile; fileRef = BBB027D31D5A033000221D9C /* main.m */; };
		BBB027D71D5A033000221D9C /* AppDelegate.m in Sources */ = {isa = PBXBuildFile; fileRef = BBB027D61D5A033000221D9C /* AppDelegate.m */; };
		BBB027DF1D5A033000221D9C /* Assets.xcassets in Resources */ = {isa = PBXBuildFile; fileRef = BBB027DE1D5A033000221D9C /* Assets.xcassets */; };
		BBB027ED1D5A033100221D9C /* wenwobeiTests.m in Sources */ = {isa = PBXBuildFile; fileRef = BBB027EC1D5A033100221D9C /* wenwobeiTests.m */; };
		BBB027F81D5A033100221D9C /* wenwobeiUITests.m in Sources */ = {isa = PBXBuildFile; fileRef = BBB027F71D5A033100221D9C /* wenwobeiUITests.m */; };
		BBB028091D5A04D500221D9C /* HQTabBar.m in Sources */ = {isa = PBXBuildFile; fileRef = BBB028061D5A04D500221D9C /* HQTabBar.m */; };
		BBB0280A1D5A04D500221D9C /* HQTabBarController.m in Sources */ = {isa = PBXBuildFile; fileRef = BBB028081D5A04D500221D9C /* HQTabBarController.m */; };
		BBB028161D5A0A9100221D9C /* LikeViewController.m in Sources */ = {isa = PBXBuildFile; fileRef = BBB028151D5A0A9100221D9C /* LikeViewController.m */; };
		BBB028191D5A0AA600221D9C /* SendViewController.m in Sources */ = {isa = PBXBuildFile; fileRef = BBB028181D5A0AA600221D9C /* SendViewController.m */; };
		BBB0281E1D5A0B0D00221D9C /* DiscoverViewController.m in Sources */ = {isa = PBXBuildFile; fileRef = BBB0281D1D5A0B0D00221D9C /* DiscoverViewController.m */; };
/* End PBXBuildFile section */

/* Begin PBXContainerItemProxy section */
		BBB027E91D5A033100221D9C /* PBXContainerItemProxy */ = {
			isa = PBXContainerItemProxy;
			containerPortal = BBB027C71D5A033000221D9C /* Project object */;
			proxyType = 1;
			remoteGlobalIDString = BBB027CE1D5A033000221D9C;
			remoteInfo = wenwobei;
		};
		BBB027F41D5A033100221D9C /* PBXContainerItemProxy */ = {
			isa = PBXContainerItemProxy;
			containerPortal = BBB027C71D5A033000221D9C /* Project object */;
			proxyType = 1;
			remoteGlobalIDString = BBB027CE1D5A033000221D9C;
			remoteInfo = wenwobei;
		};
/* End PBXContainerItemProxy section */

/* Begin PBXFileReference section */
		BBB027CF1D5A033000221D9C /* wenwobei.app */ = {isa = PBXFileReference; explicitFileType = wrapper.application; includeInIndex = 0; path = wenwobei.app; sourceTree = BUILT_PRODUCTS_DIR; };
		BBB027D31D5A033000221D9C /* main.m */ = {isa = PBXFileReference; lastKnownFileType = sourcecode.c.objc; path = main.m; sourceTree = "<group>"; };
		BBB027D51D5A033000221D9C /* AppDelegate.h */ = {isa = PBXFileReference; lastKnownFileType = sourcecode.c.h; path = AppDelegate.h; sourceTree = "<group>"; };
		BBB027D61D5A033000221D9C /* AppDelegate.m */ = {isa = PBXFileReference; lastKnownFileType = sourcecode.c.objc; path = AppDelegate.m; sourceTree = "<group>"; };
		BBB027DE1D5A033000221D9C /* Assets.xcassets */ = {isa = PBXFileReference; lastKnownFileType = folder.assetcatalog; path = Assets.xcassets; sourceTree = "<group>"; };
		BBB027E31D5A033100221D9C /* Info.plist */ = {isa = PBXFileReference; lastKnownFileType = text.plist.xml; path = Info.plist; sourceTree = "<group>"; };
		BBB027E81D5A033100221D9C /* wenwobeiTests.xctest */ = {isa = PBXFileReference; explicitFileType = wrapper.cfbundle; includeInIndex = 0; path = wenwobeiTests.xctest; sourceTree = BUILT_PRODUCTS_DIR; };
		BBB027EC1D5A033100221D9C /* wenwobeiTests.m */ = {isa = PBXFileReference; lastKnownFileType = sourcecode.c.objc; path = wenwobeiTests.m; sourceTree = "<group>"; };
		BBB027EE1D5A033100221D9C /* Info.plist */ = {isa = PBXFileReference; lastKnownFileType = text.plist.xml; path = Info.plist; sourceTree = "<group>"; };
		BBB027F31D5A033100221D9C /* wenwobeiUITests.xctest */ = {isa = PBXFileReference; explicitFileType = wrapper.cfbundle; includeInIndex = 0; path = wenwobeiUITests.xctest; sourceTree = BUILT_PRODUCTS_DIR; };
		BBB027F71D5A033100221D9C /* wenwobeiUITests.m */ = {isa = PBXFileReference; lastKnownFileType = sourcecode.c.objc; path = wenwobeiUITests.m; sourceTree = "<group>"; };
		BBB027F91D5A033100221D9C /* Info.plist */ = {isa = PBXFileReference; lastKnownFileType = text.plist.xml; path = Info.plist; sourceTree = "<group>"; };
		BBB028051D5A04D500221D9C /* HQTabBar.h */ = {isa = PBXFileReference; fileEncoding = 4; lastKnownFileType = sourcecode.c.h; path = HQTabBar.h; sourceTree = "<group>"; };
		BBB028061D5A04D500221D9C /* HQTabBar.m */ = {isa = PBXFileReference; fileEncoding = 4; lastKnownFileType = sourcecode.c.objc; path = HQTabBar.m; sourceTree = "<group>"; };
		BBB028071D5A04D500221D9C /* HQTabBarController.h */ = {isa = PBXFileReference; fileEncoding = 4; lastKnownFileType = sourcecode.c.h; path = HQTabBarController.h; sourceTree = "<group>"; };
		BBB028081D5A04D500221D9C /* HQTabBarController.m */ = {isa = PBXFileReference; fileEncoding = 4; lastKnownFileType = sourcecode.c.objc; path = HQTabBarController.m; sourceTree = "<group>"; };
		BBB028101D5A090200221D9C /* Config.h */ = {isa = PBXFileReference; lastKnownFileType = sourcecode.c.h; path = Config.h; sourceTree = "<group>"; };
		BBB028141D5A0A9100221D9C /* LikeViewController.h */ = {isa = PBXFileReference; fileEncoding = 4; lastKnownFileType = sourcecode.c.h; path = LikeViewController.h; sourceTree = "<group>"; };
		BBB028151D5A0A9100221D9C /* LikeViewController.m */ = {isa = PBXFileReference; fileEncoding = 4; lastKnownFileType = sourcecode.c.objc; path = LikeViewController.m; sourceTree = "<group>"; };
		BBB028171D5A0AA600221D9C /* SendViewController.h */ = {isa = PBXFileReference; fileEncoding = 4; lastKnownFileType = sourcecode.c.h; path = SendViewController.h; sourceTree = "<group>"; };
		BBB028181D5A0AA600221D9C /* SendViewController.m */ = {isa = PBXFileReference; fileEncoding = 4; lastKnownFileType = sourcecode.c.objc; path = SendViewController.m; sourceTree = "<group>"; };
		BBB0281C1D5A0B0D00221D9C /* DiscoverViewController.h */ = {isa = PBXFileReference; fileEncoding = 4; lastKnownFileType = sourcecode.c.h; path = DiscoverViewController.h; sourceTree = "<group>"; };
		BBB0281D1D5A0B0D00221D9C /* DiscoverViewController.m */ = {isa = PBXFileReference; fileEncoding = 4; lastKnownFileType = sourcecode.c.objc; path = DiscoverViewController.m; sourceTree = "<group>"; };
/* End PBXFileReference section */

/* Begin PBXFrameworksBuildPhase section */
		BBB027CC1D5A033000221D9C /* Frameworks */ = {
			isa = PBXFrameworksBuildPhase;
			buildActionMask = 2147483647;
			files = (
			);
			runOnlyForDeploymentPostprocessing = 0;
		};
		BBB027E51D5A033100221D9C /* Frameworks */ = {
			isa = PBXFrameworksBuildPhase;
			buildActionMask = 2147483647;
			files = (
			);
			runOnlyForDeploymentPostprocessing = 0;
		};
		BBB027F01D5A033100221D9C /* Frameworks */ = {
			isa = PBXFrameworksBuildPhase;
			buildActionMask = 2147483647;
			files = (
			);
			runOnlyForDeploymentPostprocessing = 0;
		};
/* End PBXFrameworksBuildPhase section */

/* Begin PBXGroup section */
		BBB027C61D5A033000221D9C = {
			isa = PBXGroup;
			children = (
				BBB027D11D5A033000221D9C /* wenwobei */,
				BBB027EB1D5A033100221D9C /* wenwobeiTests */,
				BBB027F61D5A033100221D9C /* wenwobeiUITests */,
				BBB027D01D5A033000221D9C /* Products */,
			);
			sourceTree = "<group>";
		};
		BBB027D01D5A033000221D9C /* Products */ = {
			isa = PBXGroup;
			children = (
				BBB027CF1D5A033000221D9C /* wenwobei.app */,
				BBB027E81D5A033100221D9C /* wenwobeiTests.xctest */,
				BBB027F31D5A033100221D9C /* wenwobeiUITests.xctest */,
			);
			name = Products;
			sourceTree = "<group>";
		};
		BBB027D11D5A033000221D9C /* wenwobei */ = {
			isa = PBXGroup;
			children = (
				BBB027D51D5A033000221D9C /* AppDelegate.h */,
				BBB027D61D5A033000221D9C /* AppDelegate.m */,
				BBB027DE1D5A033000221D9C /* Assets.xcassets */,
				BBB027E31D5A033100221D9C /* Info.plist */,
				BBB028101D5A090200221D9C /* Config.h */,
				BBB0280F1D5A08D700221D9C /* Public */,
				BBB0280E1D5A059000221D9C /* Me */,
				BBB0280D1D5A058200221D9C /* Like */,
				BBB0280C1D5A056B00221D9C /* Send */,
				BBB0280B1D5A054200221D9C /* Discover */,
				BBB027D21D5A033000221D9C /* Supporting Files */,
			);
			path = wenwobei;
			sourceTree = "<group>";
		};
		BBB027D21D5A033000221D9C /* Supporting Files */ = {
			isa = PBXGroup;
			children = (
				BBB027D31D5A033000221D9C /* main.m */,
			);
			name = "Supporting Files";
			sourceTree = "<group>";
		};
		BBB027EB1D5A033100221D9C /* wenwobeiTests */ = {
			isa = PBXGroup;
			children = (
				BBB027EC1D5A033100221D9C /* wenwobeiTests.m */,
				BBB027EE1D5A033100221D9C /* Info.plist */,
			);
			path = wenwobeiTests;
			sourceTree = "<group>";
		};
		BBB027F61D5A033100221D9C /* wenwobeiUITests */ = {
			isa = PBXGroup;
			children = (
				BBB027F71D5A033100221D9C /* wenwobeiUITests.m */,
				BBB027F91D5A033100221D9C /* Info.plist */,
			);
			path = wenwobeiUITests;
			sourceTree = "<group>";
		};
		BBB0280B1D5A054200221D9C /* Discover */ = {
			isa = PBXGroup;
			children = (
				BBB0281B1D5A0AD000221D9C /* Controller */,
			);
			name = Discover;
			sourceTree = "<group>";
		};
		BBB0280C1D5A056B00221D9C /* Send */ = {
			isa = PBXGroup;
			children = (
				BBB0281A1D5A0AAD00221D9C /* Controller */,
				BBB028171D5A0AA600221D9C /* SendViewController.h */,
				BBB028181D5A0AA600221D9C /* SendViewController.m */,
			);
			name = Send;
			sourceTree = "<group>";
		};
		BBB0280D1D5A058200221D9C /* Like */ = {
			isa = PBXGroup;
			children = (
				BBB028131D5A0A6F00221D9C /* Controller */,
			);
			name = Like;
			sourceTree = "<group>";
		};
		BBB0280E1D5A059000221D9C /* Me */ = {
			isa = PBXGroup;
			children = (
			);
			name = Me;
			sourceTree = "<group>";
		};
		BBB0280F1D5A08D700221D9C /* Public */ = {
			isa = PBXGroup;
			children = (
				BBB028111D5A09C500221D9C /* Controller */,
				BBB028121D5A09D600221D9C /* View */,
			);
			name = Public;
			sourceTree = "<group>";
		};
		BBB028111D5A09C500221D9C /* Controller */ = {
			isa = PBXGroup;
			children = (
				BBB028071D5A04D500221D9C /* HQTabBarController.h */,
				BBB028081D5A04D500221D9C /* HQTabBarController.m */,
			);
			name = Controller;
			sourceTree = "<group>";
		};
		BBB028121D5A09D600221D9C /* View */ = {
			isa = PBXGroup;
			children = (
				BBB028051D5A04D500221D9C /* HQTabBar.h */,
				BBB028061D5A04D500221D9C /* HQTabBar.m */,
			);
			name = View;
			sourceTree = "<group>";
		};
		BBB028131D5A0A6F00221D9C /* Controller */ = {
			isa = PBXGroup;
			children = (
				BBB028141D5A0A9100221D9C /* LikeViewController.h */,
				BBB028151D5A0A9100221D9C /* LikeViewController.m */,
			);
			name = Controller;
			sourceTree = "<group>";
		};
		BBB0281A1D5A0AAD00221D9C /* Controller */ = {
			isa = PBXGroup;
			children = (
			);
			name = Controller;
			sourceTree = "<group>";
		};
		BBB0281B1D5A0AD000221D9C /* Controller */ = {
			isa = PBXGroup;
			children = (
				BBB0281C1D5A0B0D00221D9C /* DiscoverViewController.h */,
				BBB0281D1D5A0B0D00221D9C /* DiscoverViewController.m */,
			);
			name = Controller;
			sourceTree = "<group>";
		};
/* End PBXGroup section */

/* Begin PBXNativeTarget section */
		BBB027CE1D5A033000221D9C /* wenwobei */ = {
			isa = PBXNativeTarget;
			buildConfigurationList = BBB027FC1D5A033100221D9C /* Build configuration list for PBXNativeTarget "wenwobei" */;
			buildPhases = (
				BBB027CB1D5A033000221D9C /* Sources */,
				BBB027CC1D5A033000221D9C /* Frameworks */,
				BBB027CD1D5A033000221D9C /* Resources */,
			);
			buildRules = (
			);
			dependencies = (
			);
			name = wenwobei;
			productName = wenwobei;
			productReference = BBB027CF1D5A033000221D9C /* wenwobei.app */;
			productType = "com.apple.product-type.application";
		};
		BBB027E71D5A033100221D9C /* wenwobeiTests */ = {
			isa = PBXNativeTarget;
			buildConfigurationList = BBB027FF1D5A033100221D9C /* Build configuration list for PBXNativeTarget "wenwobeiTests" */;
			buildPhases = (
				BBB027E41D5A033100221D9C /* Sources */,
				BBB027E51D5A033100221D9C /* Frameworks */,
				BBB027E61D5A033100221D9C /* Resources */,
			);
			buildRules = (
			);
			dependencies = (
				BBB027EA1D5A033100221D9C /* PBXTargetDependency */,
			);
			name = wenwobeiTests;
			productName = wenwobeiTests;
			productReference = BBB027E81D5A033100221D9C /* wenwobeiTests.xctest */;
			productType = "com.apple.product-type.bundle.unit-test";
		};
		BBB027F21D5A033100221D9C /* wenwobeiUITests */ = {
			isa = PBXNativeTarget;
			buildConfigurationList = BBB028021D5A033100221D9C /* Build configuration list for PBXNativeTarget "wenwobeiUITests" */;
			buildPhases = (
				BBB027EF1D5A033100221D9C /* Sources */,
				BBB027F01D5A033100221D9C /* Frameworks */,
				BBB027F11D5A033100221D9C /* Resources */,
			);
			buildRules = (
			);
			dependencies = (
				BBB027F51D5A033100221D9C /* PBXTargetDependency */,
			);
			name = wenwobeiUITests;
			productName = wenwobeiUITests;
			productReference = BBB027F31D5A033100221D9C /* wenwobeiUITests.xctest */;
			productType = "com.apple.product-type.bundle.ui-testing";
		};
/* End PBXNativeTarget section */

/* Begin PBXProject section */
		BBB027C71D5A033000221D9C /* Project object */ = {
			isa = PBXProject;
			attributes = {
				LastUpgradeCheck = 0730;
				ORGANIZATIONNAME = HanQi;
				TargetAttributes = {
					BBB027CE1D5A033000221D9C = {
						CreatedOnToolsVersion = 7.3.1;
						DevelopmentTeam = T2Q45F84HW;
					};
					BBB027E71D5A033100221D9C = {
						CreatedOnToolsVersion = 7.3.1;
						DevelopmentTeam = T2Q45F84HW;
						TestTargetID = BBB027CE1D5A033000221D9C;
					};
					BBB027F21D5A033100221D9C = {
						CreatedOnToolsVersion = 7.3.1;
						DevelopmentTeam = T2Q45F84HW;
						TestTargetID = BBB027CE1D5A033000221D9C;
					};
				};
			};
			buildConfigurationList = BBB027CA1D5A033000221D9C /* Build configuration list for PBXProject "wenwobei" */;
			compatibilityVersion = "Xcode 3.2";
			developmentRegion = English;
			hasScannedForEncodings = 0;
			knownRegions = (
				en,
				Base,
			);
			mainGroup = BBB027C61D5A033000221D9C;
			productRefGroup = BBB027D01D5A033000221D9C /* Products */;
			projectDirPath = "";
			projectRoot = "";
			targets = (
				BBB027CE1D5A033000221D9C /* wenwobei */,
				BBB027E71D5A033100221D9C /* wenwobeiTests */,
				BBB027F21D5A033100221D9C /* wenwobeiUITests */,
			);
		};
/* End PBXProject section */

/* Begin PBXResourcesBuildPhase section */
		BBB027CD1D5A033000221D9C /* Resources */ = {
			isa = PBXResourcesBuildPhase;
			buildActionMask = 2147483647;
			files = (
				BBB027DF1D5A033000221D9C /* Assets.xcassets in Resources */,
			);
			runOnlyForDeploymentPostprocessing = 0;
		};
		BBB027E61D5A033100221D9C /* Resources */ = {
			isa = PBXResourcesBuildPhase;
			buildActionMask = 2147483647;
			files = (
			);
			runOnlyForDeploymentPostprocessing = 0;
		};
		BBB027F11D5A033100221D9C /* Resources */ = {
			isa = PBXResourcesBuildPhase;
			buildActionMask = 2147483647;
			files = (
			);
			runOnlyForDeploymentPostprocessing = 0;
		};
/* End PBXResourcesBuildPhase section */

/* Begin PBXSourcesBuildPhase section */
		BBB027CB1D5A033000221D9C /* Sources */ = {
			isa = PBXSourcesBuildPhase;
			buildActionMask = 2147483647;
			files = (
				BBB028191D5A0AA600221D9C /* SendViewController.m in Sources */,
				BBB0280A1D5A04D500221D9C /* HQTabBarController.m in Sources */,
				BBB0281E1D5A0B0D00221D9C /* DiscoverViewController.m in Sources */,
				BBB027D71D5A033000221D9C /* AppDelegate.m in Sources */,
				BBB028091D5A04D500221D9C /* HQTabBar.m in Sources */,
				BBB028161D5A0A9100221D9C /* LikeViewController.m in Sources */,
				BBB027D41D5A033000221D9C /* main.m in Sources */,
			);
			runOnlyForDeploymentPostprocessing = 0;
		};
		BBB027E41D5A033100221D9C /* Sources */ = {
			isa = PBXSourcesBuildPhase;
			buildActionMask = 2147483647;
			files = (
				BBB027ED1D5A033100221D9C /* wenwobeiTests.m in Sources */,
			);
			runOnlyForDeploymentPostprocessing = 0;
		};
		BBB027EF1D5A033100221D9C /* Sources */ = {
			isa = PBXSourcesBuildPhase;
			buildActionMask = 2147483647;
			files = (
				BBB027F81D5A033100221D9C /* wenwobeiUITests.m in Sources */,
			);
			runOnlyForDeploymentPostprocessing = 0;
		};
/* End PBXSourcesBuildPhase section */

/* Begin PBXTargetDependency section */
		BBB027EA1D5A033100221D9C /* PBXTargetDependency */ = {
			isa = PBXTargetDependency;
			target = BBB027CE1D5A033000221D9C /* wenwobei */;
			targetProxy = BBB027E91D5A033100221D9C /* PBXContainerItemProxy */;
		};
		BBB027F51D5A033100221D9C /* PBXTargetDependency */ = {
			isa = PBXTargetDependency;
			target = BBB027CE1D5A033000221D9C /* wenwobei */;
			targetProxy = BBB027F41D5A033100221D9C /* PBXContainerItemProxy */;
		};
/* End PBXTargetDependency section */

/* Begin XCBuildConfiguration section */
		BBB027FA1D5A033100221D9C /* Debug */ = {
			isa = XCBuildConfiguration;
			buildSettings = {
				ALWAYS_SEARCH_USER_PATHS = NO;
				CLANG_ANALYZER_NONNULL = YES;
				CLANG_CXX_LANGUAGE_STANDARD = "gnu++0x";
				CLANG_CXX_LIBRARY = "libc++";
				CLANG_ENABLE_MODULES = YES;
				CLANG_ENABLE_OBJC_ARC = YES;
				CLANG_WARN_BOOL_CONVERSION = YES;
				CLANG_WARN_CONSTANT_CONVERSION = YES;
				CLANG_WARN_DIRECT_OBJC_ISA_USAGE = YES_ERROR;
				CLANG_WARN_EMPTY_BODY = YES;
				CLANG_WARN_ENUM_CONVERSION = YES;
				CLANG_WARN_INT_CONVERSION = YES;
				CLANG_WARN_OBJC_ROOT_CLASS = YES_ERROR;
				CLANG_WARN_UNREACHABLE_CODE = YES;
				CLANG_WARN__DUPLICATE_METHOD_MATCH = YES;
				"CODE_SIGN_IDENTITY[sdk=iphoneos*]" = "iPhone Developer";
				COPY_PHASE_STRIP = NO;
				DEBUG_INFORMATION_FORMAT = dwarf;
				ENABLE_STRICT_OBJC_MSGSEND = YES;
				ENABLE_TESTABILITY = YES;
				GCC_C_LANGUAGE_STANDARD = gnu99;
				GCC_DYNAMIC_NO_PIC = NO;
				GCC_NO_COMMON_BLOCKS = YES;
				GCC_OPTIMIZATION_LEVEL = 0;
				GCC_PREPROCESSOR_DEFINITIONS = (
					"DEBUG=1",
					"$(inherited)",
				);
				GCC_WARN_64_TO_32_BIT_CONVERSION = YES;
				GCC_WARN_ABOUT_RETURN_TYPE = YES_ERROR;
				GCC_WARN_UNDECLARED_SELECTOR = YES;
				GCC_WARN_UNINITIALIZED_AUTOS = YES_AGGRESSIVE;
				GCC_WARN_UNUSED_FUNCTION = YES;
				GCC_WARN_UNUSED_VARIABLE = YES;
				IPHONEOS_DEPLOYMENT_TARGET = 9.3;
				MTL_ENABLE_DEBUG_INFO = YES;
				ONLY_ACTIVE_ARCH = YES;
				SDKROOT = iphoneos;
			};
			name = Debug;
		};
		BBB027FB1D5A033100221D9C /* Release */ = {
			isa = XCBuildConfiguration;
			buildSettings = {
				ALWAYS_SEARCH_USER_PATHS = NO;
				CLANG_ANALYZER_NONNULL = YES;
				CLANG_CXX_LANGUAGE_STANDARD = "gnu++0x";
				CLANG_CXX_LIBRARY = "libc++";
				CLANG_ENABLE_MODULES = YES;
				CLANG_ENABLE_OBJC_ARC = YES;
				CLANG_WARN_BOOL_CONVERSION = YES;
				CLANG_WARN_CONSTANT_CONVERSION = YES;
				CLANG_WARN_DIRECT_OBJC_ISA_USAGE = YES_ERROR;
				CLANG_WARN_EMPTY_BODY = YES;
				CLANG_WARN_ENUM_CONVERSION = YES;
				CLANG_WARN_INT_CONVERSION = YES;
				CLANG_WARN_OBJC_ROOT_CLASS = YES_ERROR;
				CLANG_WARN_UNREACHABLE_CODE = YES;
				CLANG_WARN__DUPLICATE_METHOD_MATCH = YES;
				"CODE_SIGN_IDENTITY[sdk=iphoneos*]" = "iPhone Developer";
				COPY_PHASE_STRIP = NO;
				DEBUG_INFORMATION_FORMAT = "dwarf-with-dsym";
				ENABLE_NS_ASSERTIONS = NO;
				ENABLE_STRICT_OBJC_MSGSEND = YES;
				GCC_C_LANGUAGE_STANDARD = gnu99;
				GCC_NO_COMMON_BLOCKS = YES;
				GCC_WARN_64_TO_32_BIT_CONVERSION = YES;
				GCC_WARN_ABOUT_RETURN_TYPE = YES_ERROR;
				GCC_WARN_UNDECLARED_SELECTOR = YES;
				GCC_WARN_UNINITIALIZED_AUTOS = YES_AGGRESSIVE;
				GCC_WARN_UNUSED_FUNCTION = YES;
				GCC_WARN_UNUSED_VARIABLE = YES;
				IPHONEOS_DEPLOYMENT_TARGET = 9.3;
				MTL_ENABLE_DEBUG_INFO = NO;
				SDKROOT = iphoneos;
				VALIDATE_PRODUCT = YES;
			};
			name = Release;
		};
		BBB027FD1D5A033100221D9C /* Debug */ = {
			isa = XCBuildConfiguration;
			buildSettings = {
				ASSETCATALOG_COMPILER_APPICON_NAME = AppIcon;
				INFOPLIST_FILE = wenwobei/Info.plist;
				LD_RUNPATH_SEARCH_PATHS = "$(inherited) @executable_path/Frameworks";
				PRODUCT_BUNDLE_IDENTIFIER = com.hanqi.wenwobei;
				PRODUCT_NAME = "$(TARGET_NAME)";
			};
			name = Debug;
		};
		BBB027FE1D5A033100221D9C /* Release */ = {
			isa = XCBuildConfiguration;
			buildSettings = {
				ASSETCATALOG_COMPILER_APPICON_NAME = AppIcon;
				INFOPLIST_FILE = wenwobei/Info.plist;
				LD_RUNPATH_SEARCH_PATHS = "$(inherited) @executable_path/Frameworks";
				PRODUCT_BUNDLE_IDENTIFIER = com.hanqi.wenwobei;
				PRODUCT_NAME = "$(TARGET_NAME)";
			};
			name = Release;
		};
		BBB028001D5A033100221D9C /* Debug */ = {
			isa = XCBuildConfiguration;
			buildSettings = {
				BUNDLE_LOADER = "$(TEST_HOST)";
				INFOPLIST_FILE = wenwobeiTests/Info.plist;
				LD_RUNPATH_SEARCH_PATHS = "$(inherited) @executable_path/Frameworks @loader_path/Frameworks";
				PRODUCT_BUNDLE_IDENTIFIER = com.hanqi.wenwobeiTests;
				PRODUCT_NAME = "$(TARGET_NAME)";
				TEST_HOST = "$(BUILT_PRODUCTS_DIR)/wenwobei.app/wenwobei";
			};
			name = Debug;
		};
		BBB028011D5A033100221D9C /* Release */ = {
			isa = XCBuildConfiguration;
			buildSettings = {
				BUNDLE_LOADER = "$(TEST_HOST)";
				INFOPLIST_FILE = wenwobeiTests/Info.plist;
				LD_RUNPATH_SEARCH_PATHS = "$(inherited) @executable_path/Frameworks @loader_path/Frameworks";
				PRODUCT_BUNDLE_IDENTIFIER = com.hanqi.wenwobeiTests;
				PRODUCT_NAME = "$(TARGET_NAME)";
				TEST_HOST = "$(BUILT_PRODUCTS_DIR)/wenwobei.app/wenwobei";
			};
			name = Release;
		};
		BBB028031D5A033100221D9C /* Debug */ = {
			isa = XCBuildConfiguration;
			buildSettings = {
				INFOPLIST_FILE = wenwobeiUITests/Info.plist;
				LD_RUNPATH_SEARCH_PATHS = "$(inherited) @executable_path/Frameworks @loader_path/Frameworks";
				PRODUCT_BUNDLE_IDENTIFIER = com.hanqi.wenwobeiUITests;
				PRODUCT_NAME = "$(TARGET_NAME)";
				TEST_TARGET_NAME = wenwobei;
			};
			name = Debug;
		};
		BBB028041D5A033100221D9C /* Release */ = {
			isa = XCBuildConfiguration;
			buildSettings = {
				INFOPLIST_FILE = wenwobeiUITests/Info.plist;
				LD_RUNPATH_SEARCH_PATHS = "$(inherited) @executable_path/Frameworks @loader_path/Frameworks";
				PRODUCT_BUNDLE_IDENTIFIER = com.hanqi.wenwobeiUITests;
				PRODUCT_NAME = "$(TARGET_NAME)";
				TEST_TARGET_NAME = wenwobei;
			};
			name = Release;
		};
/* End XCBuildConfiguration section */

/* Begin XCConfigurationList section */
		BBB027CA1D5A033000221D9C /* Build configuration list for PBXProject "wenwobei" */ = {
			isa = XCConfigurationList;
			buildConfigurations = (
				BBB027FA1D5A033100221D9C /* Debug */,
				BBB027FB1D5A033100221D9C /* Release */,
			);
			defaultConfigurationIsVisible = 0;
			defaultConfigurationName = Release;
		};
		BBB027FC1D5A033100221D9C /* Build configuration list for PBXNativeTarget "wenwobei" */ = {
			isa = XCConfigurationList;
			buildConfigurations = (
				BBB027FD1D5A033100221D9C /* Debug */,
				BBB027FE1D5A033100221D9C /* Release */,
			);
			defaultConfigurationIsVisible = 0;
			defaultConfigurationName = Release;
		};
		BBB027FF1D5A033100221D9C /* Build configuration list for PBXNativeTarget "wenwobeiTests" */ = {
			isa = XCConfigurationList;
			buildConfigurations = (
				BBB028001D5A033100221D9C /* Debug */,
				BBB028011D5A033100221D9C /* Release */,
			);
			defaultConfigurationIsVisible = 0;
			defaultConfigurationName = Release;
		};
		BBB028021D5A033100221D9C /* Build configuration list for PBXNativeTarget "wenwobeiUITests" */ = {
			isa = XCConfigurationList;
			buildConfigurations = (
				BBB028031D5A033100221D9C /* Debug */,
				BBB028041D5A033100221D9C /* Release */,
			);
			defaultConfigurationIsVisible = 0;
			defaultConfigurationName = Release;
		};
/* End XCConfigurationList section */
	};
	rootObject = BBB027C71D5A033000221D9C /* Project object */;
}
